// !$*UTF8*$!
{
	archiveVersion = 1;
	classes = {
	};
	objectVersion = 55;
	objects = {

/* Begin PBXBuildFile section */
		054A529727FB90EF0057DC44 /* AccountSummaryCell.swift in Sources */ = {isa = PBXBuildFile; fileRef = 054A529627FB90EF0057DC44 /* AccountSummaryCell.swift */; };
		054A529927FBA4140057DC44 /* Decimal+Utils.swift in Sources */ = {isa = PBXBuildFile; fileRef = 054A529827FBA4130057DC44 /* Decimal+Utils.swift */; };
		054A529B27FBA46C0057DC44 /* CurrencyFormatter.swift in Sources */ = {isa = PBXBuildFile; fileRef = 054A529A27FBA46C0057DC44 /* CurrencyFormatter.swift */; };
		054A52AA27FBAB360057DC44 /* CurrencyFormatterTest.swift in Sources */ = {isa = PBXBuildFile; fileRef = 054A52A927FBAB360057DC44 /* CurrencyFormatterTest.swift */; };
		054A52AC27FBBAAC0057DC44 /* NSNotificationName.swift in Sources */ = {isa = PBXBuildFile; fileRef = 054A52AB27FBBAAC0057DC44 /* NSNotificationName.swift */; };
		054A52AE27FBBC640057DC44 /* UITextField+SecureToggle.swift in Sources */ = {isa = PBXBuildFile; fileRef = 054A52AD27FBBC640057DC44 /* UITextField+SecureToggle.swift */; };
		054A52B127FBCC870057DC44 /* ShakeyBellView.swift in Sources */ = {isa = PBXBuildFile; fileRef = 054A52B027FBCC870057DC44 /* ShakeyBellView.swift */; };
		054A52B427FBE7620057DC44 /* AccountSummaryHeaderModel.swift in Sources */ = {isa = PBXBuildFile; fileRef = 054A52B327FBE7620057DC44 /* AccountSummaryHeaderModel.swift */; };
		054A52B627FBE86B0057DC44 /* Date+Utils.swift in Sources */ = {isa = PBXBuildFile; fileRef = 054A52B527FBE86B0057DC44 /* Date+Utils.swift */; };
		054A52B827FC1A050057DC44 /* AccountSummaryViewController+Networking.swift in Sources */ = {isa = PBXBuildFile; fileRef = 054A52B727FC1A050057DC44 /* AccountSummaryViewController+Networking.swift */; };
		054A52BA27FCE34F0057DC44 /* AccountModel.swift in Sources */ = {isa = PBXBuildFile; fileRef = 054A52B927FCE34F0057DC44 /* AccountModel.swift */; };
		054A52BE27FCF8190057DC44 /* ProfileTest.swift in Sources */ = {isa = PBXBuildFile; fileRef = 054A52BD27FCF8190057DC44 /* ProfileTest.swift */; };
		054A52C027FCF9D90057DC44 /* AccountTest.swift in Sources */ = {isa = PBXBuildFile; fileRef = 054A52BF27FCF9D90057DC44 /* AccountTest.swift */; };
		054A52C227FD05440057DC44 /* SkeletonLoadable.swift in Sources */ = {isa = PBXBuildFile; fileRef = 054A52C127FD05440057DC44 /* SkeletonLoadable.swift */; };
		054A52C427FD063C0057DC44 /* SkeletonCell.swift in Sources */ = {isa = PBXBuildFile; fileRef = 054A52C327FD063C0057DC44 /* SkeletonCell.swift */; };
		054A52C727FD139D0057DC44 /* ProfileManager.swift in Sources */ = {isa = PBXBuildFile; fileRef = 054A52C627FD139D0057DC44 /* ProfileManager.swift */; };
		054A52C927FD14640057DC44 /* ProfileModel.swift in Sources */ = {isa = PBXBuildFile; fileRef = 054A52C827FD14640057DC44 /* ProfileModel.swift */; };
		054A52CB27FD15780057DC44 /* AccountSummaryViewControllerTest.swift in Sources */ = {isa = PBXBuildFile; fileRef = 054A52CA27FD15780057DC44 /* AccountSummaryViewControllerTest.swift */; };
		0567662127FA56E900704881 /* AppDelegate.swift in Sources */ = {isa = PBXBuildFile; fileRef = 0567662027FA56E900704881 /* AppDelegate.swift */; };
		0567662527FA56E900704881 /* LoginViewController.swift in Sources */ = {isa = PBXBuildFile; fileRef = 0567662427FA56E900704881 /* LoginViewController.swift */; };
		0567662A27FA56EB00704881 /* Assets.xcassets in Resources */ = {isa = PBXBuildFile; fileRef = 0567662927FA56EB00704881 /* Assets.xcassets */; };
		0567662D27FA56EB00704881 /* LaunchScreen.storyboard in Resources */ = {isa = PBXBuildFile; fileRef = 0567662B27FA56EB00704881 /* LaunchScreen.storyboard */; };
		0567663727FA5B2000704881 /* LoginView.swift in Sources */ = {isa = PBXBuildFile; fileRef = 0567663627FA5B2000704881 /* LoginView.swift */; };
		0567663A27FA71D600704881 /* OnboardingContainerViewController.swift in Sources */ = {isa = PBXBuildFile; fileRef = 0567663927FA71D500704881 /* OnboardingContainerViewController.swift */; };
		0567663C27FA775F00704881 /* OnboardingViewController.swift in Sources */ = {isa = PBXBuildFile; fileRef = 0567663B27FA775F00704881 /* OnboardingViewController.swift */; };
		0567663E27FA87F800704881 /* DummyViewController.swift in Sources */ = {isa = PBXBuildFile; fileRef = 0567663D27FA87F800704881 /* DummyViewController.swift */; };
		0567664127FA8CF100704881 /* LocalState.swift in Sources */ = {isa = PBXBuildFile; fileRef = 0567664027FA8CF100704881 /* LocalState.swift */; };
		0567664327FAA51D00704881 /* UIViewController+Utils.swift in Sources */ = {isa = PBXBuildFile; fileRef = 0567664227FAA51D00704881 /* UIViewController+Utils.swift */; };
		0567664527FAA5AA00704881 /* MainViewController.swift in Sources */ = {isa = PBXBuildFile; fileRef = 0567664427FAA5AA00704881 /* MainViewController.swift */; };
		0567664827FAACA500704881 /* AccountSummaryViewController.swift in Sources */ = {isa = PBXBuildFile; fileRef = 0567664727FAACA500704881 /* AccountSummaryViewController.swift */; };
		0567664A27FAB0B100704881 /* AccountSummaryHeaderView.swift in Sources */ = {isa = PBXBuildFile; fileRef = 0567664927FAB0B100704881 /* AccountSummaryHeaderView.swift */; };
		0567664C27FAB0FF00704881 /* AccountSummaryHeaderView.xib in Resources */ = {isa = PBXBuildFile; fileRef = 0567664B27FAB0FF00704881 /* AccountSummaryHeaderView.xib */; };
/* End PBXBuildFile section */

/* Begin PBXContainerItemProxy section */
		054A52A427FBAABA0057DC44 /* PBXContainerItemProxy */ = {
			isa = PBXContainerItemProxy;
			containerPortal = 0567661527FA56E900704881 /* Project object */;
			proxyType = 1;
			remoteGlobalIDString = 0567661C27FA56E900704881;
			remoteInfo = Bankey;
		};
/* End PBXContainerItemProxy section */

/* Begin PBXFileReference section */
		054A529627FB90EF0057DC44 /* AccountSummaryCell.swift */ = {isa = PBXFileReference; lastKnownFileType = sourcecode.swift; path = AccountSummaryCell.swift; sourceTree = "<group>"; };
		054A529827FBA4130057DC44 /* Decimal+Utils.swift */ = {isa = PBXFileReference; lastKnownFileType = sourcecode.swift; path = "Decimal+Utils.swift"; sourceTree = "<group>"; };
		054A529A27FBA46C0057DC44 /* CurrencyFormatter.swift */ = {isa = PBXFileReference; lastKnownFileType = sourcecode.swift; path = CurrencyFormatter.swift; sourceTree = "<group>"; };
		054A52A027FBAABA0057DC44 /* BankeyUnitTests.xctest */ = {isa = PBXFileReference; explicitFileType = wrapper.cfbundle; includeInIndex = 0; path = BankeyUnitTests.xctest; sourceTree = BUILT_PRODUCTS_DIR; };
		054A52A927FBAB360057DC44 /* CurrencyFormatterTest.swift */ = {isa = PBXFileReference; lastKnownFileType = sourcecode.swift; path = CurrencyFormatterTest.swift; sourceTree = "<group>"; };
		054A52AB27FBBAAC0057DC44 /* NSNotificationName.swift */ = {isa = PBXFileReference; lastKnownFileType = sourcecode.swift; path = NSNotificationName.swift; sourceTree = "<group>"; };
		054A52AD27FBBC640057DC44 /* UITextField+SecureToggle.swift */ = {isa = PBXFileReference; lastKnownFileType = sourcecode.swift; path = "UITextField+SecureToggle.swift"; sourceTree = "<group>"; };
		054A52B027FBCC870057DC44 /* ShakeyBellView.swift */ = {isa = PBXFileReference; lastKnownFileType = sourcecode.swift; path = ShakeyBellView.swift; sourceTree = "<group>"; };
		054A52B327FBE7620057DC44 /* AccountSummaryHeaderModel.swift */ = {isa = PBXFileReference; lastKnownFileType = sourcecode.swift; path = AccountSummaryHeaderModel.swift; sourceTree = "<group>"; };
		054A52B527FBE86B0057DC44 /* Date+Utils.swift */ = {isa = PBXFileReference; lastKnownFileType = sourcecode.swift; path = "Date+Utils.swift"; sourceTree = "<group>"; };
		054A52B727FC1A050057DC44 /* AccountSummaryViewController+Networking.swift */ = {isa = PBXFileReference; lastKnownFileType = sourcecode.swift; path = "AccountSummaryViewController+Networking.swift"; sourceTree = "<group>"; };
		054A52B927FCE34F0057DC44 /* AccountModel.swift */ = {isa = PBXFileReference; lastKnownFileType = sourcecode.swift; path = AccountModel.swift; sourceTree = "<group>"; };
		054A52BD27FCF8190057DC44 /* ProfileTest.swift */ = {isa = PBXFileReference; lastKnownFileType = sourcecode.swift; path = ProfileTest.swift; sourceTree = "<group>"; };
		054A52BF27FCF9D90057DC44 /* AccountTest.swift */ = {isa = PBXFileReference; lastKnownFileType = sourcecode.swift; path = AccountTest.swift; sourceTree = "<group>"; };
		054A52C127FD05440057DC44 /* SkeletonLoadable.swift */ = {isa = PBXFileReference; lastKnownFileType = sourcecode.swift; path = SkeletonLoadable.swift; sourceTree = "<group>"; };
		054A52C327FD063C0057DC44 /* SkeletonCell.swift */ = {isa = PBXFileReference; lastKnownFileType = sourcecode.swift; path = SkeletonCell.swift; sourceTree = "<group>"; };
		054A52C627FD139D0057DC44 /* ProfileManager.swift */ = {isa = PBXFileReference; lastKnownFileType = sourcecode.swift; path = ProfileManager.swift; sourceTree = "<group>"; };
		054A52C827FD14640057DC44 /* ProfileModel.swift */ = {isa = PBXFileReference; lastKnownFileType = sourcecode.swift; path = ProfileModel.swift; sourceTree = "<group>"; };
		054A52CA27FD15780057DC44 /* AccountSummaryViewControllerTest.swift */ = {isa = PBXFileReference; lastKnownFileType = sourcecode.swift; path = AccountSummaryViewControllerTest.swift; sourceTree = "<group>"; };
		0567661D27FA56E900704881 /* Bankey.app */ = {isa = PBXFileReference; explicitFileType = wrapper.application; includeInIndex = 0; path = Bankey.app; sourceTree = BUILT_PRODUCTS_DIR; };
		0567662027FA56E900704881 /* AppDelegate.swift */ = {isa = PBXFileReference; lastKnownFileType = sourcecode.swift; path = AppDelegate.swift; sourceTree = "<group>"; };
		0567662427FA56E900704881 /* LoginViewController.swift */ = {isa = PBXFileReference; lastKnownFileType = sourcecode.swift; path = LoginViewController.swift; sourceTree = "<group>"; };
		0567662927FA56EB00704881 /* Assets.xcassets */ = {isa = PBXFileReference; lastKnownFileType = folder.assetcatalog; path = Assets.xcassets; sourceTree = "<group>"; };
		0567662C27FA56EB00704881 /* Base */ = {isa = PBXFileReference; lastKnownFileType = file.storyboard; name = Base; path = Base.lproj/LaunchScreen.storyboard; sourceTree = "<group>"; };
		0567662E27FA56EB00704881 /* Info.plist */ = {isa = PBXFileReference; lastKnownFileType = text.plist.xml; path = Info.plist; sourceTree = "<group>"; };
		0567663627FA5B2000704881 /* LoginView.swift */ = {isa = PBXFileReference; lastKnownFileType = sourcecode.swift; path = LoginView.swift; sourceTree = "<group>"; };
		0567663927FA71D500704881 /* OnboardingContainerViewController.swift */ = {isa = PBXFileReference; lastKnownFileType = sourcecode.swift; path = OnboardingContainerViewController.swift; sourceTree = "<group>"; };
		0567663B27FA775F00704881 /* OnboardingViewController.swift */ = {isa = PBXFileReference; lastKnownFileType = sourcecode.swift; path = OnboardingViewController.swift; sourceTree = "<group>"; };
		0567663D27FA87F800704881 /* DummyViewController.swift */ = {isa = PBXFileReference; lastKnownFileType = sourcecode.swift; path = DummyViewController.swift; sourceTree = "<group>"; };
		0567664027FA8CF100704881 /* LocalState.swift */ = {isa = PBXFileReference; lastKnownFileType = sourcecode.swift; path = LocalState.swift; sourceTree = "<group>"; };
		0567664227FAA51D00704881 /* UIViewController+Utils.swift */ = {isa = PBXFileReference; lastKnownFileType = sourcecode.swift; path = "UIViewController+Utils.swift"; sourceTree = "<group>"; };
		0567664427FAA5AA00704881 /* MainViewController.swift */ = {isa = PBXFileReference; lastKnownFileType = sourcecode.swift; path = MainViewController.swift; sourceTree = "<group>"; };
		0567664727FAACA500704881 /* AccountSummaryViewController.swift */ = {isa = PBXFileReference; lastKnownFileType = sourcecode.swift; path = AccountSummaryViewController.swift; sourceTree = "<group>"; };
		0567664927FAB0B100704881 /* AccountSummaryHeaderView.swift */ = {isa = PBXFileReference; lastKnownFileType = sourcecode.swift; path = AccountSummaryHeaderView.swift; sourceTree = "<group>"; };
		0567664B27FAB0FF00704881 /* AccountSummaryHeaderView.xib */ = {isa = PBXFileReference; lastKnownFileType = file.xib; path = AccountSummaryHeaderView.xib; sourceTree = "<group>"; };
/* End PBXFileReference section */

/* Begin PBXFrameworksBuildPhase section */
		054A529D27FBAABA0057DC44 /* Frameworks */ = {
			isa = PBXFrameworksBuildPhase;
			buildActionMask = 2147483647;
			files = (
			);
			runOnlyForDeploymentPostprocessing = 0;
		};
		0567661A27FA56E900704881 /* Frameworks */ = {
			isa = PBXFrameworksBuildPhase;
			buildActionMask = 2147483647;
			files = (
			);
			runOnlyForDeploymentPostprocessing = 0;
		};
/* End PBXFrameworksBuildPhase section */

/* Begin PBXGroup section */
		054A529427FB90BD0057DC44 /* Header */ = {
			isa = PBXGroup;
			children = (
				0567664927FAB0B100704881 /* AccountSummaryHeaderView.swift */,
				0567664B27FAB0FF00704881 /* AccountSummaryHeaderView.xib */,
			);
			path = Header;
			sourceTree = "<group>";
		};
		054A529527FB90CC0057DC44 /* Cells */ = {
			isa = PBXGroup;
			children = (
				054A529627FB90EF0057DC44 /* AccountSummaryCell.swift */,
				054A52C127FD05440057DC44 /* SkeletonLoadable.swift */,
				054A52C327FD063C0057DC44 /* SkeletonCell.swift */,
			);
			path = Cells;
			sourceTree = "<group>";
		};
		054A52A127FBAABA0057DC44 /* BankeyUnitTests */ = {
			isa = PBXGroup;
			children = (
				054A52BC27FCF8020057DC44 /* AccountSummary */,
				054A52BB27FCF7F80057DC44 /* Utils */,
			);
			path = BankeyUnitTests;
			sourceTree = "<group>";
		};
		054A52AF27FBCC6B0057DC44 /* Components */ = {
			isa = PBXGroup;
			children = (
				054A52B027FBCC870057DC44 /* ShakeyBellView.swift */,
			);
			path = Components;
			sourceTree = "<group>";
		};
		054A52B227FBE74A0057DC44 /* Model */ = {
			isa = PBXGroup;
			children = (
				054A52B327FBE7620057DC44 /* AccountSummaryHeaderModel.swift */,
				054A52B927FCE34F0057DC44 /* AccountModel.swift */,
				054A52C827FD14640057DC44 /* ProfileModel.swift */,
			);
			path = Model;
			sourceTree = "<group>";
		};
		054A52BB27FCF7F80057DC44 /* Utils */ = {
			isa = PBXGroup;
			children = (
				054A52A927FBAB360057DC44 /* CurrencyFormatterTest.swift */,
			);
			path = Utils;
			sourceTree = "<group>";
		};
		054A52BC27FCF8020057DC44 /* AccountSummary */ = {
			isa = PBXGroup;
			children = (
				054A52BD27FCF8190057DC44 /* ProfileTest.swift */,
				054A52BF27FCF9D90057DC44 /* AccountTest.swift */,
				054A52CA27FD15780057DC44 /* AccountSummaryViewControllerTest.swift */,
			);
			path = AccountSummary;
			sourceTree = "<group>";
		};
		054A52C527FD138E0057DC44 /* Networking */ = {
			isa = PBXGroup;
			children = (
				054A52C627FD139D0057DC44 /* ProfileManager.swift */,
			);
			path = Networking;
			sourceTree = "<group>";
		};
		0567661427FA56E900704881 = {
			isa = PBXGroup;
			children = (
				0567661F27FA56E900704881 /* Bankey */,
				054A52A127FBAABA0057DC44 /* BankeyUnitTests */,
				0567661E27FA56E900704881 /* Products */,
			);
			sourceTree = "<group>";
		};
		0567661E27FA56E900704881 /* Products */ = {
			isa = PBXGroup;
			children = (
				0567661D27FA56E900704881 /* Bankey.app */,
				054A52A027FBAABA0057DC44 /* BankeyUnitTests.xctest */,
			);
			name = Products;
			sourceTree = "<group>";
		};
		0567661F27FA56E900704881 /* Bankey */ = {
			isa = PBXGroup;
			children = (
				054A52B227FBE74A0057DC44 /* Model */,
				0567662027FA56E900704881 /* AppDelegate.swift */,
				0567664427FAA5AA00704881 /* MainViewController.swift */,
				0567663527FA5B0100704881 /* Login */,
				0567663827FA71C500704881 /* Onboarding */,
				0567664627FAAC8100704881 /* AccountSummary */,
				0567663F27FA8CE500704881 /* Utils */,
				054A52AF27FBCC6B0057DC44 /* Components */,
				0567663427FA5ADC00704881 /* Files */,
			);
			path = Bankey;
			sourceTree = "<group>";
		};
		0567663427FA5ADC00704881 /* Files */ = {
			isa = PBXGroup;
			children = (
				0567662927FA56EB00704881 /* Assets.xcassets */,
				0567662B27FA56EB00704881 /* LaunchScreen.storyboard */,
				0567662E27FA56EB00704881 /* Info.plist */,
			);
			name = Files;
			sourceTree = "<group>";
		};
		0567663527FA5B0100704881 /* Login */ = {
			isa = PBXGroup;
			children = (
				0567662427FA56E900704881 /* LoginViewController.swift */,
				0567663627FA5B2000704881 /* LoginView.swift */,
				0567663D27FA87F800704881 /* DummyViewController.swift */,
			);
			path = Login;
			sourceTree = "<group>";
		};
		0567663827FA71C500704881 /* Onboarding */ = {
			isa = PBXGroup;
			children = (
				0567663927FA71D500704881 /* OnboardingContainerViewController.swift */,
				0567663B27FA775F00704881 /* OnboardingViewController.swift */,
			);
			path = Onboarding;
			sourceTree = "<group>";
		};
		0567663F27FA8CE500704881 /* Utils */ = {
			isa = PBXGroup;
			children = (
				0567664227FAA51D00704881 /* UIViewController+Utils.swift */,
				054A529827FBA4130057DC44 /* Decimal+Utils.swift */,
				054A52AD27FBBC640057DC44 /* UITextField+SecureToggle.swift */,
				0567664027FA8CF100704881 /* LocalState.swift */,
				054A529A27FBA46C0057DC44 /* CurrencyFormatter.swift */,
				054A52AB27FBBAAC0057DC44 /* NSNotificationName.swift */,
				054A52B527FBE86B0057DC44 /* Date+Utils.swift */,
			);
			path = Utils;
			sourceTree = "<group>";
		};
		0567664627FAAC8100704881 /* AccountSummary */ = {
			isa = PBXGroup;
			children = (
				0567664727FAACA500704881 /* AccountSummaryViewController.swift */,
				054A52B727FC1A050057DC44 /* AccountSummaryViewController+Networking.swift */,
				054A529427FB90BD0057DC44 /* Header */,
				054A529527FB90CC0057DC44 /* Cells */,
				054A52C527FD138E0057DC44 /* Networking */,
			);
			path = AccountSummary;
			sourceTree = "<group>";
		};
/* End PBXGroup section */

/* Begin PBXNativeTarget section */
		054A529F27FBAABA0057DC44 /* BankeyUnitTests */ = {
			isa = PBXNativeTarget;
			buildConfigurationList = 054A52A627FBAABA0057DC44 /* Build configuration list for PBXNativeTarget "BankeyUnitTests" */;
			buildPhases = (
				054A529C27FBAABA0057DC44 /* Sources */,
				054A529D27FBAABA0057DC44 /* Frameworks */,
				054A529E27FBAABA0057DC44 /* Resources */,
			);
			buildRules = (
			);
			dependencies = (
				054A52A527FBAABA0057DC44 /* PBXTargetDependency */,
			);
			name = BankeyUnitTests;
			productName = BankeyUnitTests;
			productReference = 054A52A027FBAABA0057DC44 /* BankeyUnitTests.xctest */;
			productType = "com.apple.product-type.bundle.unit-test";
		};
		0567661C27FA56E900704881 /* Bankey */ = {
			isa = PBXNativeTarget;
			buildConfigurationList = 0567663127FA56EB00704881 /* Build configuration list for PBXNativeTarget "Bankey" */;
			buildPhases = (
				0567661927FA56E900704881 /* Sources */,
				0567661A27FA56E900704881 /* Frameworks */,
				0567661B27FA56E900704881 /* Resources */,
			);
			buildRules = (
			);
			dependencies = (
			);
			name = Bankey;
			productName = Bankey;
			productReference = 0567661D27FA56E900704881 /* Bankey.app */;
			productType = "com.apple.product-type.application";
		};
/* End PBXNativeTarget section */

/* Begin PBXProject section */
		0567661527FA56E900704881 /* Project object */ = {
			isa = PBXProject;
			attributes = {
				BuildIndependentTargetsInParallel = 1;
				LastSwiftUpdateCheck = 1330;
				LastUpgradeCheck = 1330;
				TargetAttributes = {
					054A529F27FBAABA0057DC44 = {
						CreatedOnToolsVersion = 13.3;
						LastSwiftMigration = 1330;
						TestTargetID = 0567661C27FA56E900704881;
					};
					0567661C27FA56E900704881 = {
						CreatedOnToolsVersion = 13.3;
					};
				};
			};
			buildConfigurationList = 0567661827FA56E900704881 /* Build configuration list for PBXProject "Bankey" */;
			compatibilityVersion = "Xcode 13.0";
			developmentRegion = en;
			hasScannedForEncodings = 0;
			knownRegions = (
				en,
				Base,
			);
			mainGroup = 0567661427FA56E900704881;
			productRefGroup = 0567661E27FA56E900704881 /* Products */;
			projectDirPath = "";
			projectRoot = "";
			targets = (
				0567661C27FA56E900704881 /* Bankey */,
				054A529F27FBAABA0057DC44 /* BankeyUnitTests */,
			);
		};
/* End PBXProject section */

/* Begin PBXResourcesBuildPhase section */
		054A529E27FBAABA0057DC44 /* Resources */ = {
			isa = PBXResourcesBuildPhase;
			buildActionMask = 2147483647;
			files = (
			);
			runOnlyForDeploymentPostprocessing = 0;
		};
		0567661B27FA56E900704881 /* Resources */ = {
			isa = PBXResourcesBuildPhase;
			buildActionMask = 2147483647;
			files = (
				0567664C27FAB0FF00704881 /* AccountSummaryHeaderView.xib in Resources */,
				0567662D27FA56EB00704881 /* LaunchScreen.storyboard in Resources */,
				0567662A27FA56EB00704881 /* Assets.xcassets in Resources */,
			);
			runOnlyForDeploymentPostprocessing = 0;
		};
/* End PBXResourcesBuildPhase section */

/* Begin PBXSourcesBuildPhase section */
		054A529C27FBAABA0057DC44 /* Sources */ = {
			isa = PBXSourcesBuildPhase;
			buildActionMask = 2147483647;
			files = (
				054A52AA27FBAB360057DC44 /* CurrencyFormatterTest.swift in Sources */,
				054A52C027FCF9D90057DC44 /* AccountTest.swift in Sources */,
				054A52BE27FCF8190057DC44 /* ProfileTest.swift in Sources */,
				054A52CB27FD15780057DC44 /* AccountSummaryViewControllerTest.swift in Sources */,
			);
			runOnlyForDeploymentPostprocessing = 0;
		};
		0567661927FA56E900704881 /* Sources */ = {
			isa = PBXSourcesBuildPhase;
			buildActionMask = 2147483647;
			files = (
				0567664327FAA51D00704881 /* UIViewController+Utils.swift in Sources */,
				054A52B827FC1A050057DC44 /* AccountSummaryViewController+Networking.swift in Sources */,
				054A52C427FD063C0057DC44 /* SkeletonCell.swift in Sources */,
				054A52B127FBCC870057DC44 /* ShakeyBellView.swift in Sources */,
				0567663727FA5B2000704881 /* LoginView.swift in Sources */,
				054A52C927FD14640057DC44 /* ProfileModel.swift in Sources */,
				0567664127FA8CF100704881 /* LocalState.swift in Sources */,
				0567664A27FAB0B100704881 /* AccountSummaryHeaderView.swift in Sources */,
				054A52AE27FBBC640057DC44 /* UITextField+SecureToggle.swift in Sources */,
				0567663E27FA87F800704881 /* DummyViewController.swift in Sources */,
				054A529B27FBA46C0057DC44 /* CurrencyFormatter.swift in Sources */,
				054A529927FBA4140057DC44 /* Decimal+Utils.swift in Sources */,
				054A52C227FD05440057DC44 /* SkeletonLoadable.swift in Sources */,
				054A52BA27FCE34F0057DC44 /* AccountModel.swift in Sources */,
				054A52AC27FBBAAC0057DC44 /* NSNotificationName.swift in Sources */,
				054A52B427FBE7620057DC44 /* AccountSummaryHeaderModel.swift in Sources */,
				0567662527FA56E900704881 /* LoginViewController.swift in Sources */,
				054A529727FB90EF0057DC44 /* AccountSummaryCell.swift in Sources */,
				0567663C27FA775F00704881 /* OnboardingViewController.swift in Sources */,
				0567664527FAA5AA00704881 /* MainViewController.swift in Sources */,
				054A52C727FD139D0057DC44 /* ProfileManager.swift in Sources */,
				0567664827FAACA500704881 /* AccountSummaryViewController.swift in Sources */,
				0567662127FA56E900704881 /* AppDelegate.swift in Sources */,
				0567663A27FA71D600704881 /* OnboardingContainerViewController.swift in Sources */,
				054A52B627FBE86B0057DC44 /* Date+Utils.swift in Sources */,
			);
			runOnlyForDeploymentPostprocessing = 0;
		};
/* End PBXSourcesBuildPhase section */

/* Begin PBXTargetDependency section */
		054A52A527FBAABA0057DC44 /* PBXTargetDependency */ = {
			isa = PBXTargetDependency;
			target = 0567661C27FA56E900704881 /* Bankey */;
			targetProxy = 054A52A427FBAABA0057DC44 /* PBXContainerItemProxy */;
		};
/* End PBXTargetDependency section */

/* Begin PBXVariantGroup section */
		0567662B27FA56EB00704881 /* LaunchScreen.storyboard */ = {
			isa = PBXVariantGroup;
			children = (
				0567662C27FA56EB00704881 /* Base */,
			);
			name = LaunchScreen.storyboard;
			sourceTree = "<group>";
		};
/* End PBXVariantGroup section */

/* Begin XCBuildConfiguration section */
		054A52A727FBAABA0057DC44 /* Debug */ = {
			isa = XCBuildConfiguration;
			buildSettings = {
				BUNDLE_LOADER = "$(TEST_HOST)";
				CLANG_ENABLE_MODULES = YES;
				CODE_SIGN_STYLE = Automatic;
				CURRENT_PROJECT_VERSION = 1;
				GENERATE_INFOPLIST_FILE = YES;
				LD_RUNPATH_SEARCH_PATHS = (
					"$(inherited)",
					"@executable_path/Frameworks",
					"@loader_path/Frameworks",
				);
				MARKETING_VERSION = 1.0;
				PRODUCT_BUNDLE_IDENTIFIER = com.NungWin.BankeyUnitTests;
				PRODUCT_NAME = "$(TARGET_NAME)";
				SWIFT_EMIT_LOC_STRINGS = NO;
				SWIFT_OPTIMIZATION_LEVEL = "-Onone";
				SWIFT_VERSION = 5.0;
				TARGETED_DEVICE_FAMILY = "1,2";
				TEST_HOST = "$(BUILT_PRODUCTS_DIR)/Bankey.app/Bankey";
			};
			name = Debug;
		};
		054A52A827FBAABA0057DC44 /* Release */ = {
			isa = XCBuildConfiguration;
			buildSettings = {
				BUNDLE_LOADER = "$(TEST_HOST)";
				CLANG_ENABLE_MODULES = YES;
				CODE_SIGN_STYLE = Automatic;
				CURRENT_PROJECT_VERSION = 1;
				GENERATE_INFOPLIST_FILE = YES;
				LD_RUNPATH_SEARCH_PATHS = (
					"$(inherited)",
					"@executable_path/Frameworks",
					"@loader_path/Frameworks",
				);
				MARKETING_VERSION = 1.0;
				PRODUCT_BUNDLE_IDENTIFIER = com.NungWin.BankeyUnitTests;
				PRODUCT_NAME = "$(TARGET_NAME)";
				SWIFT_EMIT_LOC_STRINGS = NO;
				SWIFT_VERSION = 5.0;
				TARGETED_DEVICE_FAMILY = "1,2";
				TEST_HOST = "$(BUILT_PRODUCTS_DIR)/Bankey.app/Bankey";
			};
			name = Release;
		};
		0567662F27FA56EB00704881 /* Debug */ = {
			isa = XCBuildConfiguration;
			buildSettings = {
				ALWAYS_SEARCH_USER_PATHS = NO;
				CLANG_ANALYZER_NONNULL = YES;
				CLANG_ANALYZER_NUMBER_OBJECT_CONVERSION = YES_AGGRESSIVE;
				CLANG_CXX_LANGUAGE_STANDARD = "gnu++17";
				CLANG_ENABLE_MODULES = YES;
				CLANG_ENABLE_OBJC_ARC = YES;
				CLANG_ENABLE_OBJC_WEAK = YES;
				CLANG_WARN_BLOCK_CAPTURE_AUTORELEASING = YES;
				CLANG_WARN_BOOL_CONVERSION = YES;
				CLANG_WARN_COMMA = YES;
				CLANG_WARN_CONSTANT_CONVERSION = YES;
				CLANG_WARN_DEPRECATED_OBJC_IMPLEMENTATIONS = YES;
				CLANG_WARN_DIRECT_OBJC_ISA_USAGE = YES_ERROR;
				CLANG_WARN_DOCUMENTATION_COMMENTS = YES;
				CLANG_WARN_EMPTY_BODY = YES;
				CLANG_WARN_ENUM_CONVERSION = YES;
				CLANG_WARN_INFINITE_RECURSION = YES;
				CLANG_WARN_INT_CONVERSION = YES;
				CLANG_WARN_NON_LITERAL_NULL_CONVERSION = YES;
				CLANG_WARN_OBJC_IMPLICIT_RETAIN_SELF = YES;
				CLANG_WARN_OBJC_LITERAL_CONVERSION = YES;
				CLANG_WARN_OBJC_ROOT_CLASS = YES_ERROR;
				CLANG_WARN_QUOTED_INCLUDE_IN_FRAMEWORK_HEADER = YES;
				CLANG_WARN_RANGE_LOOP_ANALYSIS = YES;
				CLANG_WARN_STRICT_PROTOTYPES = YES;
				CLANG_WARN_SUSPICIOUS_MOVE = YES;
				CLANG_WARN_UNGUARDED_AVAILABILITY = YES_AGGRESSIVE;
				CLANG_WARN_UNREACHABLE_CODE = YES;
				CLANG_WARN__DUPLICATE_METHOD_MATCH = YES;
				COPY_PHASE_STRIP = NO;
				DEBUG_INFORMATION_FORMAT = dwarf;
				ENABLE_STRICT_OBJC_MSGSEND = YES;
				ENABLE_TESTABILITY = YES;
				GCC_C_LANGUAGE_STANDARD = gnu11;
				GCC_DYNAMIC_NO_PIC = NO;
				GCC_NO_COMMON_BLOCKS = YES;
				GCC_OPTIMIZATION_LEVEL = 0;
				GCC_PREPROCESSOR_DEFINITIONS = (
					"DEBUG=1",
					"$(inherited)",
				);
				GCC_WARN_64_TO_32_BIT_CONVERSION = YES;
				GCC_WARN_ABOUT_RETURN_TYPE = YES_ERROR;
				GCC_WARN_UNDECLARED_SELECTOR = YES;
				GCC_WARN_UNINITIALIZED_AUTOS = YES_AGGRESSIVE;
				GCC_WARN_UNUSED_FUNCTION = YES;
				GCC_WARN_UNUSED_VARIABLE = YES;
				IPHONEOS_DEPLOYMENT_TARGET = 15.4;
				MTL_ENABLE_DEBUG_INFO = INCLUDE_SOURCE;
				MTL_FAST_MATH = YES;
				ONLY_ACTIVE_ARCH = YES;
				SDKROOT = iphoneos;
				SWIFT_ACTIVE_COMPILATION_CONDITIONS = DEBUG;
				SWIFT_OPTIMIZATION_LEVEL = "-Onone";
			};
			name = Debug;
		};
		0567663027FA56EB00704881 /* Release */ = {
			isa = XCBuildConfiguration;
			buildSettings = {
				ALWAYS_SEARCH_USER_PATHS = NO;
				CLANG_ANALYZER_NONNULL = YES;
				CLANG_ANALYZER_NUMBER_OBJECT_CONVERSION = YES_AGGRESSIVE;
				CLANG_CXX_LANGUAGE_STANDARD = "gnu++17";
				CLANG_ENABLE_MODULES = YES;
				CLANG_ENABLE_OBJC_ARC = YES;
				CLANG_ENABLE_OBJC_WEAK = YES;
				CLANG_WARN_BLOCK_CAPTURE_AUTORELEASING = YES;
				CLANG_WARN_BOOL_CONVERSION = YES;
				CLANG_WARN_COMMA = YES;
				CLANG_WARN_CONSTANT_CONVERSION = YES;
				CLANG_WARN_DEPRECATED_OBJC_IMPLEMENTATIONS = YES;
				CLANG_WARN_DIRECT_OBJC_ISA_USAGE = YES_ERROR;
				CLANG_WARN_DOCUMENTATION_COMMENTS = YES;
				CLANG_WARN_EMPTY_BODY = YES;
				CLANG_WARN_ENUM_CONVERSION = YES;
				CLANG_WARN_INFINITE_RECURSION = YES;
				CLANG_WARN_INT_CONVERSION = YES;
				CLANG_WARN_NON_LITERAL_NULL_CONVERSION = YES;
				CLANG_WARN_OBJC_IMPLICIT_RETAIN_SELF = YES;
				CLANG_WARN_OBJC_LITERAL_CONVERSION = YES;
				CLANG_WARN_OBJC_ROOT_CLASS = YES_ERROR;
				CLANG_WARN_QUOTED_INCLUDE_IN_FRAMEWORK_HEADER = YES;
				CLANG_WARN_RANGE_LOOP_ANALYSIS = YES;
				CLANG_WARN_STRICT_PROTOTYPES = YES;
				CLANG_WARN_SUSPICIOUS_MOVE = YES;
				CLANG_WARN_UNGUARDED_AVAILABILITY = YES_AGGRESSIVE;
				CLANG_WARN_UNREACHABLE_CODE = YES;
				CLANG_WARN__DUPLICATE_METHOD_MATCH = YES;
				COPY_PHASE_STRIP = NO;
				DEBUG_INFORMATION_FORMAT = "dwarf-with-dsym";
				ENABLE_NS_ASSERTIONS = NO;
				ENABLE_STRICT_OBJC_MSGSEND = YES;
				GCC_C_LANGUAGE_STANDARD = gnu11;
				GCC_NO_COMMON_BLOCKS = YES;
				GCC_WARN_64_TO_32_BIT_CONVERSION = YES;
				GCC_WARN_ABOUT_RETURN_TYPE = YES_ERROR;
				GCC_WARN_UNDECLARED_SELECTOR = YES;
				GCC_WARN_UNINITIALIZED_AUTOS = YES_AGGRESSIVE;
				GCC_WARN_UNUSED_FUNCTION = YES;
				GCC_WARN_UNUSED_VARIABLE = YES;
				IPHONEOS_DEPLOYMENT_TARGET = 15.4;
				MTL_ENABLE_DEBUG_INFO = NO;
				MTL_FAST_MATH = YES;
				SDKROOT = iphoneos;
				SWIFT_COMPILATION_MODE = wholemodule;
				SWIFT_OPTIMIZATION_LEVEL = "-O";
				VALIDATE_PRODUCT = YES;
			};
			name = Release;
		};
		0567663227FA56EB00704881 /* Debug */ = {
			isa = XCBuildConfiguration;
			buildSettings = {
				ASSETCATALOG_COMPILER_APPICON_NAME = AppIcon;
				ASSETCATALOG_COMPILER_GLOBAL_ACCENT_COLOR_NAME = AccentColor;
				CODE_SIGN_STYLE = Automatic;
				CURRENT_PROJECT_VERSION = 1;
				GENERATE_INFOPLIST_FILE = YES;
				INFOPLIST_FILE = Bankey/Info.plist;
				INFOPLIST_KEY_UIApplicationSupportsIndirectInputEvents = YES;
				INFOPLIST_KEY_UILaunchStoryboardName = LaunchScreen;
				INFOPLIST_KEY_UISupportedInterfaceOrientations_iPad = "UIInterfaceOrientationPortrait UIInterfaceOrientationPortraitUpsideDown UIInterfaceOrientationLandscapeLeft UIInterfaceOrientationLandscapeRight";
				INFOPLIST_KEY_UISupportedInterfaceOrientations_iPhone = "UIInterfaceOrientationPortrait UIInterfaceOrientationLandscapeLeft UIInterfaceOrientationLandscapeRight";
				IPHONEOS_DEPLOYMENT_TARGET = 15.4;
				LD_RUNPATH_SEARCH_PATHS = (
					"$(inherited)",
					"@executable_path/Frameworks",
				);
				MARKETING_VERSION = 1.0;
				PRODUCT_BUNDLE_IDENTIFIER = com.NungWin.Bankey;
				PRODUCT_NAME = "$(TARGET_NAME)";
				SWIFT_EMIT_LOC_STRINGS = YES;
				SWIFT_VERSION = 5.0;
				TARGETED_DEVICE_FAMILY = "1,2";
			};
			name = Debug;
		};
		0567663327FA56EB00704881 /* Release */ = {
			isa = XCBuildConfiguration;
			buildSettings = {
				ASSETCATALOG_COMPILER_APPICON_NAME = AppIcon;
				ASSETCATALOG_COMPILER_GLOBAL_ACCENT_COLOR_NAME = AccentColor;
				CODE_SIGN_STYLE = Automatic;
				CURRENT_PROJECT_VERSION = 1;
				GENERATE_INFOPLIST_FILE = YES;
				INFOPLIST_FILE = Bankey/Info.plist;
				INFOPLIST_KEY_UIApplicationSupportsIndirectInputEvents = YES;
				INFOPLIST_KEY_UILaunchStoryboardName = LaunchScreen;
				INFOPLIST_KEY_UISupportedInterfaceOrientations_iPad = "UIInterfaceOrientationPortrait UIInterfaceOrientationPortraitUpsideDown UIInterfaceOrientationLandscapeLeft UIInterfaceOrientationLandscapeRight";
				INFOPLIST_KEY_UISupportedInterfaceOrientations_iPhone = "UIInterfaceOrientationPortrait UIInterfaceOrientationLandscapeLeft UIInterfaceOrientationLandscapeRight";
				IPHONEOS_DEPLOYMENT_TARGET = 15.4;
				LD_RUNPATH_SEARCH_PATHS = (
					"$(inherited)",
					"@executable_path/Frameworks",
				);
				MARKETING_VERSION = 1.0;
				PRODUCT_BUNDLE_IDENTIFIER = com.NungWin.Bankey;
				PRODUCT_NAME = "$(TARGET_NAME)";
				SWIFT_EMIT_LOC_STRINGS = YES;
				SWIFT_VERSION = 5.0;
				TARGETED_DEVICE_FAMILY = "1,2";
			};
			name = Release;
		};
/* End XCBuildConfiguration section */

/* Begin XCConfigurationList section */
		054A52A627FBAABA0057DC44 /* Build configuration list for PBXNativeTarget "BankeyUnitTests" */ = {
			isa = XCConfigurationList;
			buildConfigurations = (
				054A52A727FBAABA0057DC44 /* Debug */,
				054A52A827FBAABA0057DC44 /* Release */,
			);
			defaultConfigurationIsVisible = 0;
			defaultConfigurationName = Release;
		};
		0567661827FA56E900704881 /* Build configuration list for PBXProject "Bankey" */ = {
			isa = XCConfigurationList;
			buildConfigurations = (
				0567662F27FA56EB00704881 /* Debug */,
				0567663027FA56EB00704881 /* Release */,
			);
			defaultConfigurationIsVisible = 0;
			defaultConfigurationName = Release;
		};
		0567663127FA56EB00704881 /* Build configuration list for PBXNativeTarget "Bankey" */ = {
			isa = XCConfigurationList;
			buildConfigurations = (
				0567663227FA56EB00704881 /* Debug */,
				0567663327FA56EB00704881 /* Release */,
			);
			defaultConfigurationIsVisible = 0;
			defaultConfigurationName = Release;
		};
/* End XCConfigurationList section */
	};
	rootObject = 0567661527FA56E900704881 /* Project object */;
}
